// !$*UTF8*$!
{
	archiveVersion = 1;
	classes = {
	};
	objectVersion = 46;
	objects = {

/* Begin PBXBuildFile section */
		7806F6BA1DB772A400058E0D /* MainViewController.m in Sources */ = {isa = PBXBuildFile; fileRef = 7806F6B91DB772A400058E0D /* MainViewController.m */; };
		7831C9961DBA7C7C0016FEB9 /* battery.png in Resources */ = {isa = PBXBuildFile; fileRef = 7831C9951DBA7C7C0016FEB9 /* battery.png */; };
		7831C99A1DBA87C70016FEB9 /* ble.png in Resources */ = {isa = PBXBuildFile; fileRef = 7831C9991DBA87C70016FEB9 /* ble.png */; };
		7831C99C1DBA88750016FEB9 /* Siit_tu.gif in Resources */ = {isa = PBXBuildFile; fileRef = 7831C99B1DBA88750016FEB9 /* Siit_tu.gif */; };
		7831C99E1DBA91BE0016FEB9 /* air.png in Resources */ = {isa = PBXBuildFile; fileRef = 7831C99D1DBA91BE0016FEB9 /* air.png */; };
		7837CFB51DB3BA3B00D90494 /* main.m in Sources */ = {isa = PBXBuildFile; fileRef = 7837CFB41DB3BA3B00D90494 /* main.m */; };
		7837CFB81DB3BA3B00D90494 /* AppDelegate.m in Sources */ = {isa = PBXBuildFile; fileRef = 7837CFB71DB3BA3B00D90494 /* AppDelegate.m */; };
		7837CFBB1DB3BA3B00D90494 /* FirstViewController.m in Sources */ = {isa = PBXBuildFile; fileRef = 7837CFBA1DB3BA3B00D90494 /* FirstViewController.m */; };
		7837CFBE1DB3BA3B00D90494 /* SecondViewController.m in Sources */ = {isa = PBXBuildFile; fileRef = 7837CFBD1DB3BA3B00D90494 /* SecondViewController.m */; };
		7837CFC11DB3BA3B00D90494 /* Main.storyboard in Resources */ = {isa = PBXBuildFile; fileRef = 7837CFBF1DB3BA3B00D90494 /* Main.storyboard */; };
		7837CFC31DB3BA3B00D90494 /* Assets.xcassets in Resources */ = {isa = PBXBuildFile; fileRef = 7837CFC21DB3BA3B00D90494 /* Assets.xcassets */; };
		7837CFC61DB3BA3B00D90494 /* LaunchScreen.storyboard in Resources */ = {isa = PBXBuildFile; fileRef = 7837CFC41DB3BA3B00D90494 /* LaunchScreen.storyboard */; };
		7837CFD11DB3BA3C00D90494 /* SIITevTests.m in Sources */ = {isa = PBXBuildFile; fileRef = 7837CFD01DB3BA3C00D90494 /* SIITevTests.m */; };
		7837CFDC1DB3BA3C00D90494 /* SIITevUITests.m in Sources */ = {isa = PBXBuildFile; fileRef = 7837CFDB1DB3BA3C00D90494 /* SIITevUITests.m */; };
		7837CFEA1DB3DB6700D90494 /* BackgroundLayer.m in Sources */ = {isa = PBXBuildFile; fileRef = 7837CFE91DB3DB6700D90494 /* BackgroundLayer.m */; };
		7837CFEE1DB3DC0700D90494 /* QuartzCore.framework in Frameworks */ = {isa = PBXBuildFile; fileRef = 7837CFED1DB3DC0700D90494 /* QuartzCore.framework */; };
		7837CFF01DB3DCF900D90494 /* UIKit.framework in Frameworks */ = {isa = PBXBuildFile; fileRef = 7837CFEF1DB3DCF900D90494 /* UIKit.framework */; };
		7837CFF31DB3FA5100D90494 /* XYPieChart.m in Sources */ = {isa = PBXBuildFile; fileRef = 7837CFF21DB3FA5100D90494 /* XYPieChart.m */; };
		7837CFF51DB3FC5E00D90494 /* CoreGraphics.framework in Frameworks */ = {isa = PBXBuildFile; fileRef = 7837CFF41DB3FC5E00D90494 /* CoreGraphics.framework */; };
		783E04141DB6CEAB004C90AB /* WaterProgress.m in Sources */ = {isa = PBXBuildFile; fileRef = 783E04131DB6CEAB004C90AB /* WaterProgress.m */; };
		787D2E151DB5703700B43A4A /* ThirdViewController.m in Sources */ = {isa = PBXBuildFile; fileRef = 787D2E141DB5703700B43A4A /* ThirdViewController.m */; };
		789CD7001DB9FF4A0068FD0D /* emission.png in Resources */ = {isa = PBXBuildFile; fileRef = 789CD6FF1DB9FF4A0068FD0D /* emission.png */; };
		789CD7071DBA72C40068FD0D /* cost.png in Resources */ = {isa = PBXBuildFile; fileRef = 789CD7061DBA72C40068FD0D /* cost.png */; };
/* End PBXBuildFile section */

/* Begin PBXContainerItemProxy section */
		7837CFCD1DB3BA3C00D90494 /* PBXContainerItemProxy */ = {
			isa = PBXContainerItemProxy;
			containerPortal = 7837CFA81DB3BA3B00D90494 /* Project object */;
			proxyType = 1;
			remoteGlobalIDString = 7837CFAF1DB3BA3B00D90494;
			remoteInfo = SIITev;
		};
		7837CFD81DB3BA3C00D90494 /* PBXContainerItemProxy */ = {
			isa = PBXContainerItemProxy;
			containerPortal = 7837CFA81DB3BA3B00D90494 /* Project object */;
			proxyType = 1;
			remoteGlobalIDString = 7837CFAF1DB3BA3B00D90494;
			remoteInfo = SIITev;
		};
/* End PBXContainerItemProxy section */

/* Begin PBXFileReference section */
		7806F6B81DB772A400058E0D /* MainViewController.h */ = {isa = PBXFileReference; fileEncoding = 4; lastKnownFileType = sourcecode.c.h; path = MainViewController.h; sourceTree = "<group>"; };
		7806F6B91DB772A400058E0D /* MainViewController.m */ = {isa = PBXFileReference; fileEncoding = 4; lastKnownFileType = sourcecode.c.objc; path = MainViewController.m; sourceTree = "<group>"; };
		7831C9951DBA7C7C0016FEB9 /* battery.png */ = {isa = PBXFileReference; lastKnownFileType = image.png; name = battery.png; path = ../../battery.png; sourceTree = "<group>"; };
		7831C9991DBA87C70016FEB9 /* ble.png */ = {isa = PBXFileReference; lastKnownFileType = image.png; name = ble.png; path = ../../ble.png; sourceTree = "<group>"; };
		7831C99B1DBA88750016FEB9 /* Siit_tu.gif */ = {isa = PBXFileReference; lastKnownFileType = image.gif; name = Siit_tu.gif; path = ../../../Downloads/Siit_tu.gif; sourceTree = "<group>"; };
		7831C99D1DBA91BE0016FEB9 /* air.png */ = {isa = PBXFileReference; lastKnownFileType = image.png; name = air.png; path = ../../air.png; sourceTree = "<group>"; };
		7837CFB01DB3BA3B00D90494 /* SIITev.app */ = {isa = PBXFileReference; explicitFileType = wrapper.application; includeInIndex = 0; path = SIITev.app; sourceTree = BUILT_PRODUCTS_DIR; };
		7837CFB41DB3BA3B00D90494 /* main.m */ = {isa = PBXFileReference; lastKnownFileType = sourcecode.c.objc; path = main.m; sourceTree = "<group>"; };
		7837CFB61DB3BA3B00D90494 /* AppDelegate.h */ = {isa = PBXFileReference; lastKnownFileType = sourcecode.c.h; path = AppDelegate.h; sourceTree = "<group>"; };
		7837CFB71DB3BA3B00D90494 /* AppDelegate.m */ = {isa = PBXFileReference; lastKnownFileType = sourcecode.c.objc; path = AppDelegate.m; sourceTree = "<group>"; };
		7837CFB91DB3BA3B00D90494 /* FirstViewController.h */ = {isa = PBXFileReference; lastKnownFileType = sourcecode.c.h; path = FirstViewController.h; sourceTree = "<group>"; };
		7837CFBA1DB3BA3B00D90494 /* FirstViewController.m */ = {isa = PBXFileReference; lastKnownFileType = sourcecode.c.objc; path = FirstViewController.m; sourceTree = "<group>"; };
		7837CFBC1DB3BA3B00D90494 /* SecondViewController.h */ = {isa = PBXFileReference; lastKnownFileType = sourcecode.c.h; path = SecondViewController.h; sourceTree = "<group>"; };
		7837CFBD1DB3BA3B00D90494 /* SecondViewController.m */ = {isa = PBXFileReference; lastKnownFileType = sourcecode.c.objc; path = SecondViewController.m; sourceTree = "<group>"; };
		7837CFC01DB3BA3B00D90494 /* Base */ = {isa = PBXFileReference; lastKnownFileType = file.storyboard; name = Base; path = Base.lproj/Main.storyboard; sourceTree = "<group>"; };
		7837CFC21DB3BA3B00D90494 /* Assets.xcassets */ = {isa = PBXFileReference; lastKnownFileType = folder.assetcatalog; path = Assets.xcassets; sourceTree = "<group>"; };
		7837CFC51DB3BA3B00D90494 /* Base */ = {isa = PBXFileReference; lastKnownFileType = file.storyboard; name = Base; path = Base.lproj/LaunchScreen.storyboard; sourceTree = "<group>"; };
		7837CFC71DB3BA3B00D90494 /* Info.plist */ = {isa = PBXFileReference; lastKnownFileType = text.plist.xml; path = Info.plist; sourceTree = "<group>"; };
		7837CFCC1DB3BA3C00D90494 /* SIITevTests.xctest */ = {isa = PBXFileReference; explicitFileType = wrapper.cfbundle; includeInIndex = 0; path = SIITevTests.xctest; sourceTree = BUILT_PRODUCTS_DIR; };
		7837CFD01DB3BA3C00D90494 /* SIITevTests.m */ = {isa = PBXFileReference; lastKnownFileType = sourcecode.c.objc; path = SIITevTests.m; sourceTree = "<group>"; };
		7837CFD21DB3BA3C00D90494 /* Info.plist */ = {isa = PBXFileReference; lastKnownFileType = text.plist.xml; path = Info.plist; sourceTree = "<group>"; };
		7837CFD71DB3BA3C00D90494 /* SIITevUITests.xctest */ = {isa = PBXFileReference; explicitFileType = wrapper.cfbundle; includeInIndex = 0; path = SIITevUITests.xctest; sourceTree = BUILT_PRODUCTS_DIR; };
		7837CFDB1DB3BA3C00D90494 /* SIITevUITests.m */ = {isa = PBXFileReference; lastKnownFileType = sourcecode.c.objc; path = SIITevUITests.m; sourceTree = "<group>"; };
		7837CFDD1DB3BA3C00D90494 /* Info.plist */ = {isa = PBXFileReference; lastKnownFileType = text.plist.xml; path = Info.plist; sourceTree = "<group>"; };
		7837CFE91DB3DB6700D90494 /* BackgroundLayer.m */ = {isa = PBXFileReference; fileEncoding = 4; lastKnownFileType = sourcecode.c.objc; path = BackgroundLayer.m; sourceTree = "<group>"; };
		7837CFEB1DB3DBC800D90494 /* BackgroundLayer.h */ = {isa = PBXFileReference; lastKnownFileType = sourcecode.c.h; path = BackgroundLayer.h; sourceTree = "<group>"; };
		7837CFED1DB3DC0700D90494 /* QuartzCore.framework */ = {isa = PBXFileReference; lastKnownFileType = wrapper.framework; name = QuartzCore.framework; path = System/Library/Frameworks/QuartzCore.framework; sourceTree = SDKROOT; };
		7837CFEF1DB3DCF900D90494 /* UIKit.framework */ = {isa = PBXFileReference; lastKnownFileType = wrapper.framework; name = UIKit.framework; path = System/Library/Frameworks/UIKit.framework; sourceTree = SDKROOT; };
		7837CFF11DB3FA1800D90494 /* XYPieChart.h */ = {isa = PBXFileReference; lastKnownFileType = sourcecode.c.h; path = XYPieChart.h; sourceTree = "<group>"; };
		7837CFF21DB3FA5100D90494 /* XYPieChart.m */ = {isa = PBXFileReference; fileEncoding = 4; lastKnownFileType = sourcecode.c.objc; path = XYPieChart.m; sourceTree = "<group>"; };
		7837CFF41DB3FC5E00D90494 /* CoreGraphics.framework */ = {isa = PBXFileReference; lastKnownFileType = wrapper.framework; name = CoreGraphics.framework; path = System/Library/Frameworks/CoreGraphics.framework; sourceTree = SDKROOT; };
		783E04121DB6CEAB004C90AB /* WaterProgress.h */ = {isa = PBXFileReference; fileEncoding = 4; lastKnownFileType = sourcecode.c.h; path = WaterProgress.h; sourceTree = "<group>"; };
		783E04131DB6CEAB004C90AB /* WaterProgress.m */ = {isa = PBXFileReference; fileEncoding = 4; lastKnownFileType = sourcecode.c.objc; path = WaterProgress.m; sourceTree = "<group>"; };
		787D2E131DB5703700B43A4A /* ThirdViewController.h */ = {isa = PBXFileReference; fileEncoding = 4; lastKnownFileType = sourcecode.c.h; path = ThirdViewController.h; sourceTree = "<group>"; };
		787D2E141DB5703700B43A4A /* ThirdViewController.m */ = {isa = PBXFileReference; fileEncoding = 4; lastKnownFileType = sourcecode.c.objc; path = ThirdViewController.m; sourceTree = "<group>"; };
		789CD6FF1DB9FF4A0068FD0D /* emission.png */ = {isa = PBXFileReference; lastKnownFileType = image.png; name = emission.png; path = ../../emission.png; sourceTree = "<group>"; };
		789CD7061DBA72C40068FD0D /* cost.png */ = {isa = PBXFileReference; lastKnownFileType = image.png; name = cost.png; path = ../../cost.png; sourceTree = "<group>"; };
/* End PBXFileReference section */

/* Begin PBXFrameworksBuildPhase section */
		7837CFAD1DB3BA3B00D90494 /* Frameworks */ = {
			isa = PBXFrameworksBuildPhase;
			buildActionMask = 2147483647;
			files = (
				7837CFF51DB3FC5E00D90494 /* CoreGraphics.framework in Frameworks */,
				7837CFF01DB3DCF900D90494 /* UIKit.framework in Frameworks */,
				7837CFEE1DB3DC0700D90494 /* QuartzCore.framework in Frameworks */,
			);
			runOnlyForDeploymentPostprocessing = 0;
		};
		7837CFC91DB3BA3C00D90494 /* Frameworks */ = {
			isa = PBXFrameworksBuildPhase;
			buildActionMask = 2147483647;
			files = (
			);
			runOnlyForDeploymentPostprocessing = 0;
		};
		7837CFD41DB3BA3C00D90494 /* Frameworks */ = {
			isa = PBXFrameworksBuildPhase;
			buildActionMask = 2147483647;
			files = (
			);
			runOnlyForDeploymentPostprocessing = 0;
		};
/* End PBXFrameworksBuildPhase section */

/* Begin PBXGroup section */
		7837CFA71DB3BA3B00D90494 = {
			isa = PBXGroup;
			children = (
				7837CFB21DB3BA3B00D90494 /* SIITev */,
				7837CFCF1DB3BA3C00D90494 /* SIITevTests */,
				7837CFDA1DB3BA3C00D90494 /* SIITevUITests */,
				7837CFB11DB3BA3B00D90494 /* Products */,
				7837CFEC1DB3DC0700D90494 /* Frameworks */,
			);
			sourceTree = "<group>";
		};
		7837CFB11DB3BA3B00D90494 /* Products */ = {
			isa = PBXGroup;
			children = (
				7837CFB01DB3BA3B00D90494 /* SIITev.app */,
				7837CFCC1DB3BA3C00D90494 /* SIITevTests.xctest */,
				7837CFD71DB3BA3C00D90494 /* SIITevUITests.xctest */,
			);
			name = Products;
			sourceTree = "<group>";
		};
		7837CFB21DB3BA3B00D90494 /* SIITev */ = {
			isa = PBXGroup;
			children = (
				7837CFEB1DB3DBC800D90494 /* BackgroundLayer.h */,
				7837CFE91DB3DB6700D90494 /* BackgroundLayer.m */,
				783E04121DB6CEAB004C90AB /* WaterProgress.h */,
				783E04131DB6CEAB004C90AB /* WaterProgress.m */,
				7837CFF11DB3FA1800D90494 /* XYPieChart.h */,
				7837CFF21DB3FA5100D90494 /* XYPieChart.m */,
				7837CFB61DB3BA3B00D90494 /* AppDelegate.h */,
				7837CFB71DB3BA3B00D90494 /* AppDelegate.m */,
				7806F6B81DB772A400058E0D /* MainViewController.h */,
				7806F6B91DB772A400058E0D /* MainViewController.m */,
				7837CFB91DB3BA3B00D90494 /* FirstViewController.h */,
				7837CFBA1DB3BA3B00D90494 /* FirstViewController.m */,
				7837CFBC1DB3BA3B00D90494 /* SecondViewController.h */,
				7837CFBD1DB3BA3B00D90494 /* SecondViewController.m */,
				787D2E131DB5703700B43A4A /* ThirdViewController.h */,
				787D2E141DB5703700B43A4A /* ThirdViewController.m */,
				7837CFBF1DB3BA3B00D90494 /* Main.storyboard */,
				7837CFC21DB3BA3B00D90494 /* Assets.xcassets */,
				7837CFC41DB3BA3B00D90494 /* LaunchScreen.storyboard */,
				7837CFC71DB3BA3B00D90494 /* Info.plist */,
				7837CFB31DB3BA3B00D90494 /* Supporting Files */,
			);
			path = SIITev;
			sourceTree = "<group>";
		};
		7837CFB31DB3BA3B00D90494 /* Supporting Files */ = {
			isa = PBXGroup;
			children = (
				7831C99D1DBA91BE0016FEB9 /* air.png */,
				7831C99B1DBA88750016FEB9 /* Siit_tu.gif */,
				7831C9991DBA87C70016FEB9 /* ble.png */,
				7831C9951DBA7C7C0016FEB9 /* battery.png */,
				789CD7061DBA72C40068FD0D /* cost.png */,
				789CD6FF1DB9FF4A0068FD0D /* emission.png */,
				7837CFB41DB3BA3B00D90494 /* main.m */,
			);
			name = "Supporting Files";
			sourceTree = "<group>";
		};
		7837CFCF1DB3BA3C00D90494 /* SIITevTests */ = {
			isa = PBXGroup;
			children = (
				7837CFD01DB3BA3C00D90494 /* SIITevTests.m */,
				7837CFD21DB3BA3C00D90494 /* Info.plist */,
			);
			path = SIITevTests;
			sourceTree = "<group>";
		};
		7837CFDA1DB3BA3C00D90494 /* SIITevUITests */ = {
			isa = PBXGroup;
			children = (
				7837CFDB1DB3BA3C00D90494 /* SIITevUITests.m */,
				7837CFDD1DB3BA3C00D90494 /* Info.plist */,
			);
			path = SIITevUITests;
			sourceTree = "<group>";
		};
		7837CFEC1DB3DC0700D90494 /* Frameworks */ = {
			isa = PBXGroup;
			children = (
				7837CFF41DB3FC5E00D90494 /* CoreGraphics.framework */,
				7837CFEF1DB3DCF900D90494 /* UIKit.framework */,
				7837CFED1DB3DC0700D90494 /* QuartzCore.framework */,
			);
			name = Frameworks;
			sourceTree = "<group>";
		};
/* End PBXGroup section */

/* Begin PBXNativeTarget section */
		7837CFAF1DB3BA3B00D90494 /* SIITev */ = {
			isa = PBXNativeTarget;
			buildConfigurationList = 7837CFE01DB3BA3C00D90494 /* Build configuration list for PBXNativeTarget "SIITev" */;
			buildPhases = (
				7837CFAC1DB3BA3B00D90494 /* Sources */,
				7837CFAD1DB3BA3B00D90494 /* Frameworks */,
				7837CFAE1DB3BA3B00D90494 /* Resources */,
			);
			buildRules = (
			);
			dependencies = (
			);
			name = SIITev;
			productName = SIITev;
			productReference = 7837CFB01DB3BA3B00D90494 /* SIITev.app */;
			productType = "com.apple.product-type.application";
		};
		7837CFCB1DB3BA3C00D90494 /* SIITevTests */ = {
			isa = PBXNativeTarget;
			buildConfigurationList = 7837CFE31DB3BA3C00D90494 /* Build configuration list for PBXNativeTarget "SIITevTests" */;
			buildPhases = (
				7837CFC81DB3BA3C00D90494 /* Sources */,
				7837CFC91DB3BA3C00D90494 /* Frameworks */,
				7837CFCA1DB3BA3C00D90494 /* Resources */,
			);
			buildRules = (
			);
			dependencies = (
				7837CFCE1DB3BA3C00D90494 /* PBXTargetDependency */,
			);
			name = SIITevTests;
			productName = SIITevTests;
			productReference = 7837CFCC1DB3BA3C00D90494 /* SIITevTests.xctest */;
			productType = "com.apple.product-type.bundle.unit-test";
		};
		7837CFD61DB3BA3C00D90494 /* SIITevUITests */ = {
			isa = PBXNativeTarget;
			buildConfigurationList = 7837CFE61DB3BA3C00D90494 /* Build configuration list for PBXNativeTarget "SIITevUITests" */;
			buildPhases = (
				7837CFD31DB3BA3C00D90494 /* Sources */,
				7837CFD41DB3BA3C00D90494 /* Frameworks */,
				7837CFD51DB3BA3C00D90494 /* Resources */,
			);
			buildRules = (
			);
			dependencies = (
				7837CFD91DB3BA3C00D90494 /* PBXTargetDependency */,
			);
			name = SIITevUITests;
			productName = SIITevUITests;
			productReference = 7837CFD71DB3BA3C00D90494 /* SIITevUITests.xctest */;
			productType = "com.apple.product-type.bundle.ui-testing";
		};
/* End PBXNativeTarget section */

/* Begin PBXProject section */
		7837CFA81DB3BA3B00D90494 /* Project object */ = {
			isa = PBXProject;
			attributes = {
				LastUpgradeCheck = 0800;
				ORGANIZATIONNAME = "kitiya suriyachay";
				TargetAttributes = {
					7837CFAF1DB3BA3B00D90494 = {
						CreatedOnToolsVersion = 8.0;
						DevelopmentTeam = 3A272BR84L;
						ProvisioningStyle = Automatic;
					};
					7837CFCB1DB3BA3C00D90494 = {
						CreatedOnToolsVersion = 8.0;
						ProvisioningStyle = Automatic;
						TestTargetID = 7837CFAF1DB3BA3B00D90494;
					};
					7837CFD61DB3BA3C00D90494 = {
						CreatedOnToolsVersion = 8.0;
						ProvisioningStyle = Automatic;
						TestTargetID = 7837CFAF1DB3BA3B00D90494;
					};
				};
			};
			buildConfigurationList = 7837CFAB1DB3BA3B00D90494 /* Build configuration list for PBXProject "SIITev" */;
			compatibilityVersion = "Xcode 3.2";
			developmentRegion = English;
			hasScannedForEncodings = 0;
			knownRegions = (
				en,
				Base,
			);
			mainGroup = 7837CFA71DB3BA3B00D90494;
			productRefGroup = 7837CFB11DB3BA3B00D90494 /* Products */;
			projectDirPath = "";
			projectRoot = "";
			targets = (
				7837CFAF1DB3BA3B00D90494 /* SIITev */,
				7837CFCB1DB3BA3C00D90494 /* SIITevTests */,
				7837CFD61DB3BA3C00D90494 /* SIITevUITests */,
			);
		};
/* End PBXProject section */

/* Begin PBXResourcesBuildPhase section */
		7837CFAE1DB3BA3B00D90494 /* Resources */ = {
			isa = PBXResourcesBuildPhase;
			buildActionMask = 2147483647;
			files = (
				7831C99E1DBA91BE0016FEB9 /* air.png in Resources */,
				7831C99C1DBA88750016FEB9 /* Siit_tu.gif in Resources */,
				7837CFC61DB3BA3B00D90494 /* LaunchScreen.storyboard in Resources */,
				7831C9961DBA7C7C0016FEB9 /* battery.png in Resources */,
				789CD7071DBA72C40068FD0D /* cost.png in Resources */,
				789CD7001DB9FF4A0068FD0D /* emission.png in Resources */,
				7831C99A1DBA87C70016FEB9 /* ble.png in Resources */,
				7837CFC31DB3BA3B00D90494 /* Assets.xcassets in Resources */,
				7837CFC11DB3BA3B00D90494 /* Main.storyboard in Resources */,
			);
			runOnlyForDeploymentPostprocessing = 0;
		};
		7837CFCA1DB3BA3C00D90494 /* Resources */ = {
			isa = PBXResourcesBuildPhase;
			buildActionMask = 2147483647;
			files = (
			);
			runOnlyForDeploymentPostprocessing = 0;
		};
		7837CFD51DB3BA3C00D90494 /* Resources */ = {
			isa = PBXResourcesBuildPhase;
			buildActionMask = 2147483647;
			files = (
			);
			runOnlyForDeploymentPostprocessing = 0;
		};
/* End PBXResourcesBuildPhase section */

/* Begin PBXSourcesBuildPhase section */
		7837CFAC1DB3BA3B00D90494 /* Sources */ = {
			isa = PBXSourcesBuildPhase;
			buildActionMask = 2147483647;
			files = (
				7837CFF31DB3FA5100D90494 /* XYPieChart.m in Sources */,
				7837CFBE1DB3BA3B00D90494 /* SecondViewController.m in Sources */,
				783E04141DB6CEAB004C90AB /* WaterProgress.m in Sources */,
				7837CFB81DB3BA3B00D90494 /* AppDelegate.m in Sources */,
				7806F6BA1DB772A400058E0D /* MainViewController.m in Sources */,
				7837CFBB1DB3BA3B00D90494 /* FirstViewController.m in Sources */,
				7837CFEA1DB3DB6700D90494 /* BackgroundLayer.m in Sources */,
				7837CFB51DB3BA3B00D90494 /* main.m in Sources */,
				787D2E151DB5703700B43A4A /* ThirdViewController.m in Sources */,
			);
			runOnlyForDeploymentPostprocessing = 0;
		};
		7837CFC81DB3BA3C00D90494 /* Sources */ = {
			isa = PBXSourcesBuildPhase;
			buildActionMask = 2147483647;
			files = (
				7837CFD11DB3BA3C00D90494 /* SIITevTests.m in Sources */,
			);
			runOnlyForDeploymentPostprocessing = 0;
		};
		7837CFD31DB3BA3C00D90494 /* Sources */ = {
			isa = PBXSourcesBuildPhase;
			buildActionMask = 2147483647;
			files = (
				7837CFDC1DB3BA3C00D90494 /* SIITevUITests.m in Sources */,
			);
			runOnlyForDeploymentPostprocessing = 0;
		};
/* End PBXSourcesBuildPhase section */

/* Begin PBXTargetDependency section */
		7837CFCE1DB3BA3C00D90494 /* PBXTargetDependency */ = {
			isa = PBXTargetDependency;
			target = 7837CFAF1DB3BA3B00D90494 /* SIITev */;
			targetProxy = 7837CFCD1DB3BA3C00D90494 /* PBXContainerItemProxy */;
		};
		7837CFD91DB3BA3C00D90494 /* PBXTargetDependency */ = {
			isa = PBXTargetDependency;
			target = 7837CFAF1DB3BA3B00D90494 /* SIITev */;
			targetProxy = 7837CFD81DB3BA3C00D90494 /* PBXContainerItemProxy */;
		};
/* End PBXTargetDependency section */

/* Begin PBXVariantGroup section */
		7837CFBF1DB3BA3B00D90494 /* Main.storyboard */ = {
			isa = PBXVariantGroup;
			children = (
				7837CFC01DB3BA3B00D90494 /* Base */,
			);
			name = Main.storyboard;
			sourceTree = "<group>";
		};
		7837CFC41DB3BA3B00D90494 /* LaunchScreen.storyboard */ = {
			isa = PBXVariantGroup;
			children = (
				7837CFC51DB3BA3B00D90494 /* Base */,
			);
			name = LaunchScreen.storyboard;
			sourceTree = "<group>";
		};
/* End PBXVariantGroup section */

/* Begin XCBuildConfiguration section */
		7837CFDE1DB3BA3C00D90494 /* Debug */ = {
			isa = XCBuildConfiguration;
			buildSettings = {
				ALWAYS_SEARCH_USER_PATHS = NO;
				CLANG_ANALYZER_NONNULL = YES;
				CLANG_CXX_LANGUAGE_STANDARD = "gnu++0x";
				CLANG_CXX_LIBRARY = "libc++";
				CLANG_ENABLE_MODULES = YES;
				CLANG_ENABLE_OBJC_ARC = YES;
				CLANG_WARN_BOOL_CONVERSION = YES;
				CLANG_WARN_CONSTANT_CONVERSION = YES;
				CLANG_WARN_DIRECT_OBJC_ISA_USAGE = YES_ERROR;
				CLANG_WARN_DOCUMENTATION_COMMENTS = YES;
				CLANG_WARN_EMPTY_BODY = YES;
				CLANG_WARN_ENUM_CONVERSION = YES;
				CLANG_WARN_INFINITE_RECURSION = YES;
				CLANG_WARN_INT_CONVERSION = YES;
				CLANG_WARN_OBJC_ROOT_CLASS = YES_ERROR;
				CLANG_WARN_SUSPICIOUS_MOVES = YES;
				CLANG_WARN_UNREACHABLE_CODE = YES;
				CLANG_WARN__DUPLICATE_METHOD_MATCH = YES;
				"CODE_SIGN_IDENTITY[sdk=iphoneos*]" = "iPhone Developer";
				COPY_PHASE_STRIP = NO;
				DEBUG_INFORMATION_FORMAT = dwarf;
				ENABLE_STRICT_OBJC_MSGSEND = YES;
				ENABLE_TESTABILITY = YES;
				GCC_C_LANGUAGE_STANDARD = gnu99;
				GCC_DYNAMIC_NO_PIC = NO;
				GCC_NO_COMMON_BLOCKS = YES;
				GCC_OPTIMIZATION_LEVEL = 0;
				GCC_PREPROCESSOR_DEFINITIONS = (
					"DEBUG=1",
					"$(inherited)",
				);
				GCC_WARN_64_TO_32_BIT_CONVERSION = YES;
				GCC_WARN_ABOUT_RETURN_TYPE = YES_ERROR;
				GCC_WARN_UNDECLARED_SELECTOR = YES;
				GCC_WARN_UNINITIALIZED_AUTOS = YES_AGGRESSIVE;
				GCC_WARN_UNUSED_FUNCTION = YES;
				GCC_WARN_UNUSED_VARIABLE = YES;
				IPHONEOS_DEPLOYMENT_TARGET = 10.0;
				MTL_ENABLE_DEBUG_INFO = YES;
				ONLY_ACTIVE_ARCH = YES;
				SDKROOT = iphoneos;
				TARGETED_DEVICE_FAMILY = "1,2";
			};
			name = Debug;
		};
		7837CFDF1DB3BA3C00D90494 /* Release */ = {
			isa = XCBuildConfiguration;
			buildSettings = {
				ALWAYS_SEARCH_USER_PATHS = NO;
				CLANG_ANALYZER_NONNULL = YES;
				CLANG_CXX_LANGUAGE_STANDARD = "gnu++0x";
				CLANG_CXX_LIBRARY = "libc++";
				CLANG_ENABLE_MODULES = YES;
				CLANG_ENABLE_OBJC_ARC = YES;
				CLANG_WARN_BOOL_CONVERSION = YES;
				CLANG_WARN_CONSTANT_CONVERSION = YES;
				CLANG_WARN_DIRECT_OBJC_ISA_USAGE = YES_ERROR;
				CLANG_WARN_DOCUMENTATION_COMMENTS = YES;
				CLANG_WARN_EMPTY_BODY = YES;
				CLANG_WARN_ENUM_CONVERSION = YES;
				CLANG_WARN_INFINITE_RECURSION = YES;
				CLANG_WARN_INT_CONVERSION = YES;
				CLANG_WARN_OBJC_ROOT_CLASS = YES_ERROR;
				CLANG_WARN_SUSPICIOUS_MOVES = YES;
				CLANG_WARN_UNREACHABLE_CODE = YES;
				CLANG_WARN__DUPLICATE_METHOD_MATCH = YES;
				"CODE_SIGN_IDENTITY[sdk=iphoneos*]" = "iPhone Developer";
				COPY_PHASE_STRIP = NO;
				DEBUG_INFORMATION_FORMAT = "dwarf-with-dsym";
				ENABLE_NS_ASSERTIONS = NO;
				ENABLE_STRICT_OBJC_MSGSEND = YES;
				GCC_C_LANGUAGE_STANDARD = gnu99;
				GCC_NO_COMMON_BLOCKS = YES;
				GCC_WARN_64_TO_32_BIT_CONVERSION = YES;
				GCC_WARN_ABOUT_RETURN_TYPE = YES_ERROR;
				GCC_WARN_UNDECLARED_SELECTOR = YES;
				GCC_WARN_UNINITIALIZED_AUTOS = YES_AGGRESSIVE;
				GCC_WARN_UNUSED_FUNCTION = YES;
				GCC_WARN_UNUSED_VARIABLE = YES;
				IPHONEOS_DEPLOYMENT_TARGET = 10.0;
				MTL_ENABLE_DEBUG_INFO = NO;
				SDKROOT = iphoneos;
				TARGETED_DEVICE_FAMILY = "1,2";
				VALIDATE_PRODUCT = YES;
			};
			name = Release;
		};
		7837CFE11DB3BA3C00D90494 /* Debug */ = {
			isa = XCBuildConfiguration;
			buildSettings = {
				ASSETCATALOG_COMPILER_APPICON_NAME = AppIcon;
				DEVELOPMENT_TEAM = 3A272BR84L;
				INFOPLIST_FILE = SIITev/Info.plist;
				IPHONEOS_DEPLOYMENT_TARGET = 9.3;
				LD_RUNPATH_SEARCH_PATHS = "$(inherited) @executable_path/Frameworks";
				PRODUCT_BUNDLE_IDENTIFIER = SIIT.SIITev;
				PRODUCT_NAME = "$(TARGET_NAME)";
			};
			name = Debug;
		};
		7837CFE21DB3BA3C00D90494 /* Release */ = {
			isa = XCBuildConfiguration;
			buildSettings = {
				ASSETCATALOG_COMPILER_APPICON_NAME = AppIcon;
				DEVELOPMENT_TEAM = 3A272BR84L;
				INFOPLIST_FILE = SIITev/Info.plist;
				IPHONEOS_DEPLOYMENT_TARGET = 9.3;
				LD_RUNPATH_SEARCH_PATHS = "$(inherited) @executable_path/Frameworks";
				PRODUCT_BUNDLE_IDENTIFIER = SIIT.SIITev;
				PRODUCT_NAME = "$(TARGET_NAME)";
			};
			name = Release;
		};
		7837CFE41DB3BA3C00D90494 /* Debug */ = {
			isa = XCBuildConfiguration;
			buildSettings = {
				BUNDLE_LOADER = "$(TEST_HOST)";
				INFOPLIST_FILE = SIITevTests/Info.plist;
				LD_RUNPATH_SEARCH_PATHS = "$(inherited) @executable_path/Frameworks @loader_path/Frameworks";
				PRODUCT_BUNDLE_IDENTIFIER = SIIT.SIITevTests;
				PRODUCT_NAME = "$(TARGET_NAME)";
				TEST_HOST = "$(BUILT_PRODUCTS_DIR)/SIITev.app/SIITev";
			};
			name = Debug;
		};
		7837CFE51DB3BA3C00D90494 /* Release */ = {
			isa = XCBuildConfiguration;
			buildSettings = {
				BUNDLE_LOADER = "$(TEST_HOST)";
				INFOPLIST_FILE = SIITevTests/Info.plist;
				LD_RUNPATH_SEARCH_PATHS = "$(inherited) @executable_path/Frameworks @loader_path/Frameworks";
				PRODUCT_BUNDLE_IDENTIFIER = SIIT.SIITevTests;
				PRODUCT_NAME = "$(TARGET_NAME)";
				TEST_HOST = "$(BUILT_PRODUCTS_DIR)/SIITev.app/SIITev";
			};
			name = Release;
		};
		7837CFE71DB3BA3C00D90494 /* Debug */ = {
			isa = XCBuildConfiguration;
			buildSettings = {
				INFOPLIST_FILE = SIITevUITests/Info.plist;
				LD_RUNPATH_SEARCH_PATHS = "$(inherited) @executable_path/Frameworks @loader_path/Frameworks";
				PRODUCT_BUNDLE_IDENTIFIER = SIIT.SIITevUITests;
				PRODUCT_NAME = "$(TARGET_NAME)";
				TEST_TARGET_NAME = SIITev;
			};
			name = Debug;
		};
		7837CFE81DB3BA3C00D90494 /* Release */ = {
			isa = XCBuildConfiguration;
			buildSettings = {
				INFOPLIST_FILE = SIITevUITests/Info.plist;
				LD_RUNPATH_SEARCH_PATHS = "$(inherited) @executable_path/Frameworks @loader_path/Frameworks";
				PRODUCT_BUNDLE_IDENTIFIER = SIIT.SIITevUITests;
				PRODUCT_NAME = "$(TARGET_NAME)";
				TEST_TARGET_NAME = SIITev;
			};
			name = Release;
		};
/* End XCBuildConfiguration section */

/* Begin XCConfigurationList section */
		7837CFAB1DB3BA3B00D90494 /* Build configuration list for PBXProject "SIITev" */ = {
			isa = XCConfigurationList;
			buildConfigurations = (
				7837CFDE1DB3BA3C00D90494 /* Debug */,
				7837CFDF1DB3BA3C00D90494 /* Release */,
			);
			defaultConfigurationIsVisible = 0;
			defaultConfigurationName = Release;
		};
		7837CFE01DB3BA3C00D90494 /* Build configuration list for PBXNativeTarget "SIITev" */ = {
			isa = XCConfigurationList;
			buildConfigurations = (
				7837CFE11DB3BA3C00D90494 /* Debug */,
				7837CFE21DB3BA3C00D90494 /* Release */,
			);
			defaultConfigurationIsVisible = 0;
			defaultConfigurationName = Release;
		};
		7837CFE31DB3BA3C00D90494 /* Build configuration list for PBXNativeTarget "SIITevTests" */ = {
			isa = XCConfigurationList;
			buildConfigurations = (
				7837CFE41DB3BA3C00D90494 /* Debug */,
				7837CFE51DB3BA3C00D90494 /* Release */,
			);
			defaultConfigurationIsVisible = 0;
			defaultConfigurationName = Release;
		};
		7837CFE61DB3BA3C00D90494 /* Build configuration list for PBXNativeTarget "SIITevUITests" */ = {
			isa = XCConfigurationList;
			buildConfigurations = (
				7837CFE71DB3BA3C00D90494 /* Debug */,
				7837CFE81DB3BA3C00D90494 /* Release */,
			);
			defaultConfigurationIsVisible = 0;
			defaultConfigurationName = Release;
		};
/* End XCConfigurationList section */
	};
	rootObject = 7837CFA81DB3BA3B00D90494 /* Project object */;
}
